PODS:
  - Capacitor (5.0.5):
    - CapacitorCordova
  - CapacitorCordova (5.0.5)
  - scandit-datacapture-frameworks-core (6.19.0-beta.1-SNAPSHOT)
  - ScanditCapacitorDatacaptureCore (6.19.0-beta.1-SNAPSHOT):
    - Capacitor
    - scandit-datacapture-frameworks-core

DEPENDENCIES:
  - "Capacitor (from `../node_modules/@capacitor/ios`)"
  - "CapacitorCordova (from `../node_modules/@capacitor/ios`)"
  - scandit-datacapture-frameworks-core (from `../../../shared/ios/scandit-datacapture-frameworks-core`)
  - ScanditCapacitorDatacaptureCore (from `../../scandit-capacitor-datacapture-core/ScanditCapacitorDatacaptureCore.podspec`)

EXTERNAL SOURCES:
  Capacitor:
    :path: "../node_modules/@capacitor/ios"
  CapacitorCordova:
    :path: "../node_modules/@capacitor/ios"
  scandit-datacapture-frameworks-core:
    :path: "../../../shared/ios/scandit-datacapture-frameworks-core"
  ScanditCapacitorDatacaptureCore:
    :path: "../../scandit-capacitor-datacapture-core/ScanditCapacitorDatacaptureCore.podspec"

SPEC CHECKSUMS:
  Capacitor: b1248915663add1bd6567e2b67c1c1fa3abcf5e8
  CapacitorCordova: f8c06b897c74ee8f7701fe10e6443b40822bc83a
  scandit-datacapture-frameworks-core: 9ff8f9347a3afd959a8a33ba39c2b52f14c6f016
  ScanditCapacitorDatacaptureCore: 18dfdc1cbae3011b4d23e92b7ed04232107a443a

PODFILE CHECKSUM: b1a498fc6289cb31c2d400f61301517d9519c2de

COCOAPODS: 1.12.1
